// !$*UTF8*$!
{
	archiveVersion = 1;
	classes = {
	};
	objectVersion = 46;
	objects = {

/* Begin PBXBuildFile section */
		356E581C1F170EE400C80D24 /* main.m in Sources */ = {isa = PBXBuildFile; fileRef = 356E581B1F170EE400C80D24 /* main.m */; };
		356E581F1F170EE400C80D24 /* AppDelegate.m in Sources */ = {isa = PBXBuildFile; fileRef = 356E581E1F170EE400C80D24 /* AppDelegate.m */; };
		356E58271F170EE400C80D24 /* Assets.xcassets in Resources */ = {isa = PBXBuildFile; fileRef = 356E58261F170EE400C80D24 /* Assets.xcassets */; };
		356E582A1F170EE400C80D24 /* LaunchScreen.storyboard in Resources */ = {isa = PBXBuildFile; fileRef = 356E58281F170EE400C80D24 /* LaunchScreen.storyboard */; };
		356E583A1F170FB700C80D24 /* BSMainTabbarController.m in Sources */ = {isa = PBXBuildFile; fileRef = 356E58371F170FB700C80D24 /* BSMainTabbarController.m */; };
		356E583B1F170FB700C80D24 /* BSNavigationViewController.m in Sources */ = {isa = PBXBuildFile; fileRef = 356E58391F170FB700C80D24 /* BSNavigationViewController.m */; };
		356E58421F17105900C80D24 /* BSEssenceViewController.m in Sources */ = {isa = PBXBuildFile; fileRef = 356E58411F17105900C80D24 /* BSEssenceViewController.m */; };
		356E58521F1715AD00C80D24 /* BSBaseRequest.m in Sources */ = {isa = PBXBuildFile; fileRef = 356E584B1F1715AD00C80D24 /* BSBaseRequest.m */; };
		356E58531F1715AD00C80D24 /* BSTitleView.m in Sources */ = {isa = PBXBuildFile; fileRef = 356E584D1F1715AD00C80D24 /* BSTitleView.m */; };
		356E58541F1715AD00C80D24 /* UIColor+ZXLazy.m in Sources */ = {isa = PBXBuildFile; fileRef = 356E584F1F1715AD00C80D24 /* UIColor+ZXLazy.m */; };
		356E58551F1715AD00C80D24 /* UIView+Extension.m in Sources */ = {isa = PBXBuildFile; fileRef = 356E58511F1715AD00C80D24 /* UIView+Extension.m */; };
		356E58601F17192300C80D24 /* BSAllViewController.m in Sources */ = {isa = PBXBuildFile; fileRef = 356E58571F17192300C80D24 /* BSAllViewController.m */; };
		356E58611F17192300C80D24 /* BSPictureViewController.m in Sources */ = {isa = PBXBuildFile; fileRef = 356E58591F17192300C80D24 /* BSPictureViewController.m */; };
		356E58621F17192300C80D24 /* BSVideoViewController.m in Sources */ = {isa = PBXBuildFile; fileRef = 356E585B1F17192300C80D24 /* BSVideoViewController.m */; };
		356E58631F17192300C80D24 /* BSVoiceViewController.m in Sources */ = {isa = PBXBuildFile; fileRef = 356E585D1F17192300C80D24 /* BSVoiceViewController.m */; };
		356E58641F17192300C80D24 /* BSWordViewController.m in Sources */ = {isa = PBXBuildFile; fileRef = 356E585F1F17192300C80D24 /* BSWordViewController.m */; };
		356E58681F17246600C80D24 /* BSTopicViewCell.m in Sources */ = {isa = PBXBuildFile; fileRef = 356E58661F17246600C80D24 /* BSTopicViewCell.m */; };
		356E58691F17246600C80D24 /* BSTopicViewCell.xib in Resources */ = {isa = PBXBuildFile; fileRef = 356E58671F17246600C80D24 /* BSTopicViewCell.xib */; };
		356E586B1F17517300C80D24 /* Foundation+Log.m in Sources */ = {isa = PBXBuildFile; fileRef = 356E586A1F17517300C80D24 /* Foundation+Log.m */; };
		356E586E1F1751C900C80D24 /* BSTopicModel.m in Sources */ = {isa = PBXBuildFile; fileRef = 356E586D1F1751C900C80D24 /* BSTopicModel.m */; };
		356E58721F1857A600C80D24 /* BSViedoCellView.m in Sources */ = {isa = PBXBuildFile; fileRef = 356E58711F1857A600C80D24 /* BSViedoCellView.m */; };
		356E58751F1857B800C80D24 /* BSVoiceCellView.m in Sources */ = {isa = PBXBuildFile; fileRef = 356E58741F1857B800C80D24 /* BSVoiceCellView.m */; };
		356E58781F1857D000C80D24 /* BSPictureCellView.m in Sources */ = {isa = PBXBuildFile; fileRef = 356E58771F1857D000C80D24 /* BSPictureCellView.m */; };
		356E587A1F1857F000C80D24 /* BSViedoCellView.xib in Resources */ = {isa = PBXBuildFile; fileRef = 356E58791F1857F000C80D24 /* BSViedoCellView.xib */; };
		356E587C1F1857FD00C80D24 /* BSVoiceCellView.xib in Resources */ = {isa = PBXBuildFile; fileRef = 356E587B1F1857FD00C80D24 /* BSVoiceCellView.xib */; };
		356E587E1F18580B00C80D24 /* BSPictureCellView.xib in Resources */ = {isa = PBXBuildFile; fileRef = 356E587D1F18580B00C80D24 /* BSPictureCellView.xib */; };
		356E588B1F18B79100C80D24 /* UIImage+TX.m in Sources */ = {isa = PBXBuildFile; fileRef = 356E588A1F18B79100C80D24 /* UIImage+TX.m */; };
		3592D29E1F1CB56100980923 /* UIImageView+Download.m in Sources */ = {isa = PBXBuildFile; fileRef = 3592D29D1F1CB56100980923 /* UIImageView+Download.m */; };
		3592D30B1F2048BB00980923 /* BSBigImageViewController.m in Sources */ = {isa = PBXBuildFile; fileRef = 3592D3091F2048BB00980923 /* BSBigImageViewController.m */; };
		3592D30C1F2048BB00980923 /* BSBigImageViewController.xib in Resources */ = {isa = PBXBuildFile; fileRef = 3592D30A1F2048BB00980923 /* BSBigImageViewController.xib */; };
		DD593747645D82CB3BAF1E1E /* libPods-BSDemo.a in Frameworks */ = {isa = PBXBuildFile; fileRef = E82109840AB104E49230284F /* libPods-BSDemo.a */; };
/* End PBXBuildFile section */

/* Begin PBXFileReference section */
		356E58171F170EE400C80D24 /* BSDemo.app */ = {isa = PBXFileReference; explicitFileType = wrapper.application; includeInIndex = 0; path = BSDemo.app; sourceTree = BUILT_PRODUCTS_DIR; };
		356E581B1F170EE400C80D24 /* main.m */ = {isa = PBXFileReference; lastKnownFileType = sourcecode.c.objc; path = main.m; sourceTree = "<group>"; };
		356E581D1F170EE400C80D24 /* AppDelegate.h */ = {isa = PBXFileReference; lastKnownFileType = sourcecode.c.h; path = AppDelegate.h; sourceTree = "<group>"; };
		356E581E1F170EE400C80D24 /* AppDelegate.m */ = {isa = PBXFileReference; lastKnownFileType = sourcecode.c.objc; path = AppDelegate.m; sourceTree = "<group>"; };
		356E58261F170EE400C80D24 /* Assets.xcassets */ = {isa = PBXFileReference; lastKnownFileType = folder.assetcatalog; path = Assets.xcassets; sourceTree = "<group>"; };
		356E58291F170EE400C80D24 /* Base */ = {isa = PBXFileReference; lastKnownFileType = file.storyboard; name = Base; path = Base.lproj/LaunchScreen.storyboard; sourceTree = "<group>"; };
		356E582B1F170EE400C80D24 /* Info.plist */ = {isa = PBXFileReference; lastKnownFileType = text.plist.xml; path = Info.plist; sourceTree = "<group>"; };
		356E58361F170FB700C80D24 /* BSMainTabbarController.h */ = {isa = PBXFileReference; fileEncoding = 4; lastKnownFileType = sourcecode.c.h; path = BSMainTabbarController.h; sourceTree = "<group>"; };
		356E58371F170FB700C80D24 /* BSMainTabbarController.m */ = {isa = PBXFileReference; fileEncoding = 4; lastKnownFileType = sourcecode.c.objc; path = BSMainTabbarController.m; sourceTree = "<group>"; };
		356E58381F170FB700C80D24 /* BSNavigationViewController.h */ = {isa = PBXFileReference; fileEncoding = 4; lastKnownFileType = sourcecode.c.h; path = BSNavigationViewController.h; sourceTree = "<group>"; };
		356E58391F170FB700C80D24 /* BSNavigationViewController.m */ = {isa = PBXFileReference; fileEncoding = 4; lastKnownFileType = sourcecode.c.objc; path = BSNavigationViewController.m; sourceTree = "<group>"; };
		356E58401F17105900C80D24 /* BSEssenceViewController.h */ = {isa = PBXFileReference; fileEncoding = 4; lastKnownFileType = sourcecode.c.h; path = BSEssenceViewController.h; sourceTree = "<group>"; };
		356E58411F17105900C80D24 /* BSEssenceViewController.m */ = {isa = PBXFileReference; fileEncoding = 4; lastKnownFileType = sourcecode.c.objc; path = BSEssenceViewController.m; sourceTree = "<group>"; };
		356E58431F17121400C80D24 /* BSPrefixHeader.pch */ = {isa = PBXFileReference; fileEncoding = 4; lastKnownFileType = sourcecode.c.h; path = BSPrefixHeader.pch; sourceTree = "<group>"; };
		356E584A1F1715AD00C80D24 /* BSBaseRequest.h */ = {isa = PBXFileReference; fileEncoding = 4; lastKnownFileType = sourcecode.c.h; path = BSBaseRequest.h; sourceTree = "<group>"; };
		356E584B1F1715AD00C80D24 /* BSBaseRequest.m */ = {isa = PBXFileReference; fileEncoding = 4; lastKnownFileType = sourcecode.c.objc; path = BSBaseRequest.m; sourceTree = "<group>"; };
		356E584C1F1715AD00C80D24 /* BSTitleView.h */ = {isa = PBXFileReference; fileEncoding = 4; lastKnownFileType = sourcecode.c.h; path = BSTitleView.h; sourceTree = "<group>"; };
		356E584D1F1715AD00C80D24 /* BSTitleView.m */ = {isa = PBXFileReference; fileEncoding = 4; lastKnownFileType = sourcecode.c.objc; path = BSTitleView.m; sourceTree = "<group>"; };
		356E584E1F1715AD00C80D24 /* UIColor+ZXLazy.h */ = {isa = PBXFileReference; fileEncoding = 4; lastKnownFileType = sourcecode.c.h; path = "UIColor+ZXLazy.h"; sourceTree = "<group>"; };
		356E584F1F1715AD00C80D24 /* UIColor+ZXLazy.m */ = {isa = PBXFileReference; fileEncoding = 4; lastKnownFileType = sourcecode.c.objc; path = "UIColor+ZXLazy.m"; sourceTree = "<group>"; };
		356E58501F1715AD00C80D24 /* UIView+Extension.h */ = {isa = PBXFileReference; fileEncoding = 4; lastKnownFileType = sourcecode.c.h; path = "UIView+Extension.h"; sourceTree = "<group>"; };
		356E58511F1715AD00C80D24 /* UIView+Extension.m */ = {isa = PBXFileReference; fileEncoding = 4; lastKnownFileType = sourcecode.c.objc; path = "UIView+Extension.m"; sourceTree = "<group>"; };
		356E58561F17192300C80D24 /* BSAllViewController.h */ = {isa = PBXFileReference; fileEncoding = 4; lastKnownFileType = sourcecode.c.h; path = BSAllViewController.h; sourceTree = "<group>"; };
		356E58571F17192300C80D24 /* BSAllViewController.m */ = {isa = PBXFileReference; fileEncoding = 4; lastKnownFileType = sourcecode.c.objc; path = BSAllViewController.m; sourceTree = "<group>"; };
		356E58581F17192300C80D24 /* BSPictureViewController.h */ = {isa = PBXFileReference; fileEncoding = 4; lastKnownFileType = sourcecode.c.h; path = BSPictureViewController.h; sourceTree = "<group>"; };
		356E58591F17192300C80D24 /* BSPictureViewController.m */ = {isa = PBXFileReference; fileEncoding = 4; lastKnownFileType = sourcecode.c.objc; path = BSPictureViewController.m; sourceTree = "<group>"; };
		356E585A1F17192300C80D24 /* BSVideoViewController.h */ = {isa = PBXFileReference; fileEncoding = 4; lastKnownFileType = sourcecode.c.h; path = BSVideoViewController.h; sourceTree = "<group>"; };
		356E585B1F17192300C80D24 /* BSVideoViewController.m */ = {isa = PBXFileReference; fileEncoding = 4; lastKnownFileType = sourcecode.c.objc; path = BSVideoViewController.m; sourceTree = "<group>"; };
		356E585C1F17192300C80D24 /* BSVoiceViewController.h */ = {isa = PBXFileReference; fileEncoding = 4; lastKnownFileType = sourcecode.c.h; path = BSVoiceViewController.h; sourceTree = "<group>"; };
		356E585D1F17192300C80D24 /* BSVoiceViewController.m */ = {isa = PBXFileReference; fileEncoding = 4; lastKnownFileType = sourcecode.c.objc; path = BSVoiceViewController.m; sourceTree = "<group>"; };
		356E585E1F17192300C80D24 /* BSWordViewController.h */ = {isa = PBXFileReference; fileEncoding = 4; lastKnownFileType = sourcecode.c.h; path = BSWordViewController.h; sourceTree = "<group>"; };
		356E585F1F17192300C80D24 /* BSWordViewController.m */ = {isa = PBXFileReference; fileEncoding = 4; lastKnownFileType = sourcecode.c.objc; path = BSWordViewController.m; sourceTree = "<group>"; };
		356E58651F17246600C80D24 /* BSTopicViewCell.h */ = {isa = PBXFileReference; fileEncoding = 4; lastKnownFileType = sourcecode.c.h; path = BSTopicViewCell.h; sourceTree = "<group>"; };
		356E58661F17246600C80D24 /* BSTopicViewCell.m */ = {isa = PBXFileReference; fileEncoding = 4; lastKnownFileType = sourcecode.c.objc; path = BSTopicViewCell.m; sourceTree = "<group>"; };
		356E58671F17246600C80D24 /* BSTopicViewCell.xib */ = {isa = PBXFileReference; fileEncoding = 4; lastKnownFileType = file.xib; path = BSTopicViewCell.xib; sourceTree = "<group>"; };
		356E586A1F17517300C80D24 /* Foundation+Log.m */ = {isa = PBXFileReference; fileEncoding = 4; lastKnownFileType = sourcecode.c.objc; path = "Foundation+Log.m"; sourceTree = "<group>"; };
		356E586C1F1751C900C80D24 /* BSTopicModel.h */ = {isa = PBXFileReference; fileEncoding = 4; lastKnownFileType = sourcecode.c.h; path = BSTopicModel.h; sourceTree = "<group>"; };
		356E586D1F1751C900C80D24 /* BSTopicModel.m */ = {isa = PBXFileReference; fileEncoding = 4; lastKnownFileType = sourcecode.c.objc; path = BSTopicModel.m; sourceTree = "<group>"; };
		356E58701F1857A600C80D24 /* BSViedoCellView.h */ = {isa = PBXFileReference; fileEncoding = 4; lastKnownFileType = sourcecode.c.h; path = BSViedoCellView.h; sourceTree = "<group>"; };
		356E58711F1857A600C80D24 /* BSViedoCellView.m */ = {isa = PBXFileReference; fileEncoding = 4; lastKnownFileType = sourcecode.c.objc; path = BSViedoCellView.m; sourceTree = "<group>"; };
		356E58731F1857B800C80D24 /* BSVoiceCellView.h */ = {isa = PBXFileReference; fileEncoding = 4; lastKnownFileType = sourcecode.c.h; path = BSVoiceCellView.h; sourceTree = "<group>"; };
		356E58741F1857B800C80D24 /* BSVoiceCellView.m */ = {isa = PBXFileReference; fileEncoding = 4; lastKnownFileType = sourcecode.c.objc; path = BSVoiceCellView.m; sourceTree = "<group>"; };
		356E58761F1857D000C80D24 /* BSPictureCellView.h */ = {isa = PBXFileReference; fileEncoding = 4; lastKnownFileType = sourcecode.c.h; path = BSPictureCellView.h; sourceTree = "<group>"; };
		356E58771F1857D000C80D24 /* BSPictureCellView.m */ = {isa = PBXFileReference; fileEncoding = 4; lastKnownFileType = sourcecode.c.objc; path = BSPictureCellView.m; sourceTree = "<group>"; };
		356E58791F1857F000C80D24 /* BSViedoCellView.xib */ = {isa = PBXFileReference; fileEncoding = 4; lastKnownFileType = file.xib; path = BSViedoCellView.xib; sourceTree = "<group>"; };
		356E587B1F1857FD00C80D24 /* BSVoiceCellView.xib */ = {isa = PBXFileReference; fileEncoding = 4; lastKnownFileType = file.xib; path = BSVoiceCellView.xib; sourceTree = "<group>"; };
		356E587D1F18580B00C80D24 /* BSPictureCellView.xib */ = {isa = PBXFileReference; fileEncoding = 4; lastKnownFileType = file.xib; path = BSPictureCellView.xib; sourceTree = "<group>"; };
		356E58891F18B79100C80D24 /* UIImage+TX.h */ = {isa = PBXFileReference; fileEncoding = 4; lastKnownFileType = sourcecode.c.h; path = "UIImage+TX.h"; sourceTree = "<group>"; };
		356E588A1F18B79100C80D24 /* UIImage+TX.m */ = {isa = PBXFileReference; fileEncoding = 4; lastKnownFileType = sourcecode.c.objc; path = "UIImage+TX.m"; sourceTree = "<group>"; };
		3592D29C1F1CB56100980923 /* UIImageView+Download.h */ = {isa = PBXFileReference; fileEncoding = 4; lastKnownFileType = sourcecode.c.h; path = "UIImageView+Download.h"; sourceTree = "<group>"; };
		3592D29D1F1CB56100980923 /* UIImageView+Download.m */ = {isa = PBXFileReference; fileEncoding = 4; lastKnownFileType = sourcecode.c.objc; path = "UIImageView+Download.m"; sourceTree = "<group>"; };
		3592D3081F2048BB00980923 /* BSBigImageViewController.h */ = {isa = PBXFileReference; fileEncoding = 4; lastKnownFileType = sourcecode.c.h; path = BSBigImageViewController.h; sourceTree = "<group>"; };
		3592D3091F2048BB00980923 /* BSBigImageViewController.m */ = {isa = PBXFileReference; fileEncoding = 4; lastKnownFileType = sourcecode.c.objc; path = BSBigImageViewController.m; sourceTree = "<group>"; };
		3592D30A1F2048BB00980923 /* BSBigImageViewController.xib */ = {isa = PBXFileReference; fileEncoding = 4; lastKnownFileType = file.xib; path = BSBigImageViewController.xib; sourceTree = "<group>"; };
		6CCF8C092D69597FC0AB0943 /* Pods-BSDemo.release.xcconfig */ = {isa = PBXFileReference; includeInIndex = 1; lastKnownFileType = text.xcconfig; name = "Pods-BSDemo.release.xcconfig"; path = "Pods/Target Support Files/Pods-BSDemo/Pods-BSDemo.release.xcconfig"; sourceTree = "<group>"; };
		BE6AEEDF3544BA6180608890 /* Pods-BSDemo.debug.xcconfig */ = {isa = PBXFileReference; includeInIndex = 1; lastKnownFileType = text.xcconfig; name = "Pods-BSDemo.debug.xcconfig"; path = "Pods/Target Support Files/Pods-BSDemo/Pods-BSDemo.debug.xcconfig"; sourceTree = "<group>"; };
		E82109840AB104E49230284F /* libPods-BSDemo.a */ = {isa = PBXFileReference; explicitFileType = archive.ar; includeInIndex = 0; path = "libPods-BSDemo.a"; sourceTree = BUILT_PRODUCTS_DIR; };
/* End PBXFileReference section */

/* Begin PBXFrameworksBuildPhase section */
		356E58141F170EE400C80D24 /* Frameworks */ = {
			isa = PBXFrameworksBuildPhase;
			buildActionMask = 2147483647;
			files = (
				DD593747645D82CB3BAF1E1E /* libPods-BSDemo.a in Frameworks */,
			);
			runOnlyForDeploymentPostprocessing = 0;
		};
/* End PBXFrameworksBuildPhase section */

/* Begin PBXGroup section */
		0E64BE07F80848140D59CD3E /* Frameworks */ = {
			isa = PBXGroup;
			children = (
				E82109840AB104E49230284F /* libPods-BSDemo.a */,
			);
			name = Frameworks;
			sourceTree = "<group>";
		};
		356E580E1F170EE400C80D24 = {
			isa = PBXGroup;
			children = (
				356E58191F170EE400C80D24 /* BSDemo */,
				356E58181F170EE400C80D24 /* Products */,
				A61B3113E27C321AFC0E268C /* Pods */,
				0E64BE07F80848140D59CD3E /* Frameworks */,
			);
			sourceTree = "<group>";
		};
		356E58181F170EE400C80D24 /* Products */ = {
			isa = PBXGroup;
			children = (
				356E58171F170EE400C80D24 /* BSDemo.app */,
			);
			name = Products;
			sourceTree = "<group>";
		};
		356E58191F170EE400C80D24 /* BSDemo */ = {
			isa = PBXGroup;
			children = (
				356E58311F170F8500C80D24 /* Classes */,
				356E581D1F170EE400C80D24 /* AppDelegate.h */,
				356E581E1F170EE400C80D24 /* AppDelegate.m */,
				356E58261F170EE400C80D24 /* Assets.xcassets */,
				356E58281F170EE400C80D24 /* LaunchScreen.storyboard */,
				356E582B1F170EE400C80D24 /* Info.plist */,
				356E581A1F170EE400C80D24 /* Supporting Files */,
			);
			path = BSDemo;
			sourceTree = "<group>";
		};
		356E581A1F170EE400C80D24 /* Supporting Files */ = {
			isa = PBXGroup;
			children = (
				356E581B1F170EE400C80D24 /* main.m */,
				356E58431F17121400C80D24 /* BSPrefixHeader.pch */,
			);
			name = "Supporting Files";
			sourceTree = "<group>";
		};
		356E58311F170F8500C80D24 /* Classes */ = {
			isa = PBXGroup;
			children = (
				356E58491F1715AD00C80D24 /* Tool */,
				356E58451F1713BC00C80D24 /* Other */,
				356E583C1F17103600C80D24 /* Essence */,
				356E58321F170F8500C80D24 /* Main */,
			);
			path = Classes;
			sourceTree = "<group>";
		};
		356E58321F170F8500C80D24 /* Main */ = {
			isa = PBXGroup;
			children = (
				356E58331F170F8500C80D24 /* Controller */,
				356E58341F170F8500C80D24 /* Model */,
				356E58351F170F8500C80D24 /* View */,
			);
			path = Main;
			sourceTree = "<group>";
		};
		356E58331F170F8500C80D24 /* Controller */ = {
			isa = PBXGroup;
			children = (
				356E58361F170FB700C80D24 /* BSMainTabbarController.h */,
				356E58371F170FB700C80D24 /* BSMainTabbarController.m */,
				356E58381F170FB700C80D24 /* BSNavigationViewController.h */,
				356E58391F170FB700C80D24 /* BSNavigationViewController.m */,
			);
			path = Controller;
			sourceTree = "<group>";
		};
		356E58341F170F8500C80D24 /* Model */ = {
			isa = PBXGroup;
			children = (
			);
			path = Model;
			sourceTree = "<group>";
		};
		356E58351F170F8500C80D24 /* View */ = {
			isa = PBXGroup;
			children = (
			);
			path = View;
			sourceTree = "<group>";
		};
		356E583C1F17103600C80D24 /* Essence */ = {
			isa = PBXGroup;
			children = (
				356E586F1F177CEC00C80D24 /* ViewModel */,
				356E583D1F17103600C80D24 /* Controller */,
				356E583E1F17103600C80D24 /* Model */,
				356E583F1F17103600C80D24 /* View */,
			);
			path = Essence;
			sourceTree = "<group>";
		};
		356E583D1F17103600C80D24 /* Controller */ = {
			isa = PBXGroup;
			children = (
				356E58401F17105900C80D24 /* BSEssenceViewController.h */,
				356E58411F17105900C80D24 /* BSEssenceViewController.m */,
				356E58561F17192300C80D24 /* BSAllViewController.h */,
				356E58571F17192300C80D24 /* BSAllViewController.m */,
				356E58581F17192300C80D24 /* BSPictureViewController.h */,
				356E58591F17192300C80D24 /* BSPictureViewController.m */,
				356E585A1F17192300C80D24 /* BSVideoViewController.h */,
				356E585B1F17192300C80D24 /* BSVideoViewController.m */,
				356E585C1F17192300C80D24 /* BSVoiceViewController.h */,
				356E585D1F17192300C80D24 /* BSVoiceViewController.m */,
				356E585E1F17192300C80D24 /* BSWordViewController.h */,
				356E585F1F17192300C80D24 /* BSWordViewController.m */,
				3592D3081F2048BB00980923 /* BSBigImageViewController.h */,
				3592D3091F2048BB00980923 /* BSBigImageViewController.m */,
				3592D30A1F2048BB00980923 /* BSBigImageViewController.xib */,
			);
			path = Controller;
			sourceTree = "<group>";
		};
		356E583E1F17103600C80D24 /* Model */ = {
			isa = PBXGroup;
			children = (
				356E586C1F1751C900C80D24 /* BSTopicModel.h */,
				356E586D1F1751C900C80D24 /* BSTopicModel.m */,
			);
			path = Model;
			sourceTree = "<group>";
		};
		356E583F1F17103600C80D24 /* View */ = {
			isa = PBXGroup;
			children = (
				356E58651F17246600C80D24 /* BSTopicViewCell.h */,
				356E58661F17246600C80D24 /* BSTopicViewCell.m */,
				356E58671F17246600C80D24 /* BSTopicViewCell.xib */,
				356E58701F1857A600C80D24 /* BSViedoCellView.h */,
				356E58711F1857A600C80D24 /* BSViedoCellView.m */,
				356E58791F1857F000C80D24 /* BSViedoCellView.xib */,
				356E58731F1857B800C80D24 /* BSVoiceCellView.h */,
				356E58741F1857B800C80D24 /* BSVoiceCellView.m */,
				356E587B1F1857FD00C80D24 /* BSVoiceCellView.xib */,
				356E58761F1857D000C80D24 /* BSPictureCellView.h */,
				356E58771F1857D000C80D24 /* BSPictureCellView.m */,
				356E587D1F18580B00C80D24 /* BSPictureCellView.xib */,
			);
			path = View;
			sourceTree = "<group>";
		};
		356E58451F1713BC00C80D24 /* Other */ = {
			isa = PBXGroup;
			children = (
			);
			path = Other;
			sourceTree = "<group>";
		};
		356E58491F1715AD00C80D24 /* Tool */ = {
			isa = PBXGroup;
			children = (
				356E58891F18B79100C80D24 /* UIImage+TX.h */,
				356E588A1F18B79100C80D24 /* UIImage+TX.m */,
				356E584A1F1715AD00C80D24 /* BSBaseRequest.h */,
				356E584B1F1715AD00C80D24 /* BSBaseRequest.m */,
				356E584C1F1715AD00C80D24 /* BSTitleView.h */,
				356E584D1F1715AD00C80D24 /* BSTitleView.m */,
				356E584E1F1715AD00C80D24 /* UIColor+ZXLazy.h */,
				356E584F1F1715AD00C80D24 /* UIColor+ZXLazy.m */,
				356E58501F1715AD00C80D24 /* UIView+Extension.h */,
				356E58511F1715AD00C80D24 /* UIView+Extension.m */,
				356E586A1F17517300C80D24 /* Foundation+Log.m */,
				3592D29C1F1CB56100980923 /* UIImageView+Download.h */,
				3592D29D1F1CB56100980923 /* UIImageView+Download.m */,
			);
			path = Tool;
			sourceTree = "<group>";
		};
		356E586F1F177CEC00C80D24 /* ViewModel */ = {
			isa = PBXGroup;
			children = (
			);
			path = ViewModel;
			sourceTree = "<group>";
		};
		A61B3113E27C321AFC0E268C /* Pods */ = {
			isa = PBXGroup;
			children = (
				BE6AEEDF3544BA6180608890 /* Pods-BSDemo.debug.xcconfig */,
				6CCF8C092D69597FC0AB0943 /* Pods-BSDemo.release.xcconfig */,
			);
			name = Pods;
			sourceTree = "<group>";
		};
/* End PBXGroup section */

/* Begin PBXNativeTarget section */
		356E58161F170EE400C80D24 /* BSDemo */ = {
			isa = PBXNativeTarget;
			buildConfigurationList = 356E582E1F170EE400C80D24 /* Build configuration list for PBXNativeTarget "BSDemo" */;
			buildPhases = (
				EFE4D5BD4ACA1CEA9DEE74EF /* [CP] Check Pods Manifest.lock */,
				356E58131F170EE400C80D24 /* Sources */,
				356E58141F170EE400C80D24 /* Frameworks */,
				356E58151F170EE400C80D24 /* Resources */,
				B3C50895346B84ED5E21E53C /* [CP] Embed Pods Frameworks */,
				FA31AD68295E494B10D62D62 /* [CP] Copy Pods Resources */,
			);
			buildRules = (
			);
			dependencies = (
			);
			name = BSDemo;
			productName = BSDemo;
			productReference = 356E58171F170EE400C80D24 /* BSDemo.app */;
			productType = "com.apple.product-type.application";
		};
/* End PBXNativeTarget section */

/* Begin PBXProject section */
		356E580F1F170EE400C80D24 /* Project object */ = {
			isa = PBXProject;
			attributes = {
				CLASSPREFIX = BS;
				LastUpgradeCheck = 0830;
				ORGANIZATIONNAME = LTX;
				TargetAttributes = {
					356E58161F170EE400C80D24 = {
						CreatedOnToolsVersion = 8.3.3;
						DevelopmentTeam = V36AU6RMWL;
						ProvisioningStyle = Automatic;
					};
				};
			};
			buildConfigurationList = 356E58121F170EE400C80D24 /* Build configuration list for PBXProject "BSDemo" */;
			compatibilityVersion = "Xcode 3.2";
			developmentRegion = English;
			hasScannedForEncodings = 0;
			knownRegions = (
				en,
				Base,
			);
			mainGroup = 356E580E1F170EE400C80D24;
			productRefGroup = 356E58181F170EE400C80D24 /* Products */;
			projectDirPath = "";
			projectRoot = "";
			targets = (
				356E58161F170EE400C80D24 /* BSDemo */,
			);
		};
/* End PBXProject section */

/* Begin PBXResourcesBuildPhase section */
		356E58151F170EE400C80D24 /* Resources */ = {
			isa = PBXResourcesBuildPhase;
			buildActionMask = 2147483647;
			files = (
				356E587E1F18580B00C80D24 /* BSPictureCellView.xib in Resources */,
				356E587C1F1857FD00C80D24 /* BSVoiceCellView.xib in Resources */,
				356E582A1F170EE400C80D24 /* LaunchScreen.storyboard in Resources */,
				3592D30C1F2048BB00980923 /* BSBigImageViewController.xib in Resources */,
				356E58271F170EE400C80D24 /* Assets.xcassets in Resources */,
				356E58691F17246600C80D24 /* BSTopicViewCell.xib in Resources */,
				356E587A1F1857F000C80D24 /* BSViedoCellView.xib in Resources */,
			);
			runOnlyForDeploymentPostprocessing = 0;
		};
/* End PBXResourcesBuildPhase section */

/* Begin PBXShellScriptBuildPhase section */
		B3C50895346B84ED5E21E53C /* [CP] Embed Pods Frameworks */ = {
			isa = PBXShellScriptBuildPhase;
			buildActionMask = 2147483647;
			files = (
			);
			inputPaths = (
			);
			name = "[CP] Embed Pods Frameworks";
			outputPaths = (
			);
			runOnlyForDeploymentPostprocessing = 0;
			shellPath = /bin/sh;
			shellScript = "\"${SRCROOT}/Pods/Target Support Files/Pods-BSDemo/Pods-BSDemo-frameworks.sh\"\n";
			showEnvVarsInLog = 0;
		};
		EFE4D5BD4ACA1CEA9DEE74EF /* [CP] Check Pods Manifest.lock */ = {
			isa = PBXShellScriptBuildPhase;
			buildActionMask = 2147483647;
			files = (
			);
			inputPaths = (
			);
			name = "[CP] Check Pods Manifest.lock";
			outputPaths = (
			);
			runOnlyForDeploymentPostprocessing = 0;
			shellPath = /bin/sh;
			shellScript = "diff \"${PODS_ROOT}/../Podfile.lock\" \"${PODS_ROOT}/Manifest.lock\" > /dev/null\nif [ $? != 0 ] ; then\n    # print error to STDERR\n    echo \"error: The sandbox is not in sync with the Podfile.lock. Run 'pod install' or update your CocoaPods installation.\" >&2\n    exit 1\nfi\n";
			showEnvVarsInLog = 0;
		};
		FA31AD68295E494B10D62D62 /* [CP] Copy Pods Resources */ = {
			isa = PBXShellScriptBuildPhase;
			buildActionMask = 2147483647;
			files = (
			);
			inputPaths = (
			);
			name = "[CP] Copy Pods Resources";
			outputPaths = (
			);
			runOnlyForDeploymentPostprocessing = 0;
			shellPath = /bin/sh;
			shellScript = "\"${SRCROOT}/Pods/Target Support Files/Pods-BSDemo/Pods-BSDemo-resources.sh\"\n";
			showEnvVarsInLog = 0;
		};
/* End PBXShellScriptBuildPhase section */

/* Begin PBXSourcesBuildPhase section */
		356E58131F170EE400C80D24 /* Sources */ = {
			isa = PBXSourcesBuildPhase;
			buildActionMask = 2147483647;
			files = (
				356E58551F1715AD00C80D24 /* UIView+Extension.m in Sources */,
				356E58621F17192300C80D24 /* BSVideoViewController.m in Sources */,
				356E58681F17246600C80D24 /* BSTopicViewCell.m in Sources */,
				356E58531F1715AD00C80D24 /* BSTitleView.m in Sources */,
				356E58631F17192300C80D24 /* BSVoiceViewController.m in Sources */,
				356E583A1F170FB700C80D24 /* BSMainTabbarController.m in Sources */,
				356E58751F1857B800C80D24 /* BSVoiceCellView.m in Sources */,
				356E58421F17105900C80D24 /* BSEssenceViewController.m in Sources */,
				356E58611F17192300C80D24 /* BSPictureViewController.m in Sources */,
				356E58641F17192300C80D24 /* BSWordViewController.m in Sources */,
				356E581F1F170EE400C80D24 /* AppDelegate.m in Sources */,
				356E581C1F170EE400C80D24 /* main.m in Sources */,
				3592D29E1F1CB56100980923 /* UIImageView+Download.m in Sources */,
				356E588B1F18B79100C80D24 /* UIImage+TX.m in Sources */,
				356E58541F1715AD00C80D24 /* UIColor+ZXLazy.m in Sources */,
				356E586E1F1751C900C80D24 /* BSTopicModel.m in Sources */,
				356E58721F1857A600C80D24 /* BSViedoCellView.m in Sources */,
				356E583B1F170FB700C80D24 /* BSNavigationViewController.m in Sources */,
				3592D30B1F2048BB00980923 /* BSBigImageViewController.m in Sources */,
				356E58521F1715AD00C80D24 /* BSBaseRequest.m in Sources */,
				356E58601F17192300C80D24 /* BSAllViewController.m in Sources */,
				356E58781F1857D000C80D24 /* BSPictureCellView.m in Sources */,
				356E586B1F17517300C80D24 /* Foundation+Log.m in Sources */,
			);
			runOnlyForDeploymentPostprocessing = 0;
		};
/* End PBXSourcesBuildPhase section */

/* Begin PBXVariantGroup section */
		356E58281F170EE400C80D24 /* LaunchScreen.storyboard */ = {
			isa = PBXVariantGroup;
			children = (
				356E58291F170EE400C80D24 /* Base */,
			);
			name = LaunchScreen.storyboard;
			sourceTree = "<group>";
		};
/* End PBXVariantGroup section */

/* Begin XCBuildConfiguration section */
		356E582C1F170EE400C80D24 /* Debug */ = {
			isa = XCBuildConfiguration;
			buildSettings = {
				ALWAYS_SEARCH_USER_PATHS = NO;
				CLANG_ANALYZER_NONNULL = YES;
				CLANG_ANALYZER_NUMBER_OBJECT_CONVERSION = YES_AGGRESSIVE;
				CLANG_CXX_LANGUAGE_STANDARD = "gnu++0x";
				CLANG_CXX_LIBRARY = "libc++";
				CLANG_ENABLE_MODULES = YES;
				CLANG_ENABLE_OBJC_ARC = YES;
				CLANG_WARN_BOOL_CONVERSION = YES;
				CLANG_WARN_CONSTANT_CONVERSION = YES;
				CLANG_WARN_DIRECT_OBJC_ISA_USAGE = YES_ERROR;
				CLANG_WARN_DOCUMENTATION_COMMENTS = YES;
				CLANG_WARN_EMPTY_BODY = YES;
				CLANG_WARN_ENUM_CONVERSION = YES;
				CLANG_WARN_INFINITE_RECURSION = YES;
				CLANG_WARN_INT_CONVERSION = YES;
				CLANG_WARN_OBJC_ROOT_CLASS = YES_ERROR;
				CLANG_WARN_SUSPICIOUS_MOVE = YES;
				CLANG_WARN_UNREACHABLE_CODE = YES;
				CLANG_WARN__DUPLICATE_METHOD_MATCH = YES;
				"CODE_SIGN_IDENTITY[sdk=iphoneos*]" = "iPhone Developer";
				COPY_PHASE_STRIP = NO;
				DEBUG_INFORMATION_FORMAT = dwarf;
				ENABLE_STRICT_OBJC_MSGSEND = YES;
				ENABLE_TESTABILITY = YES;
				GCC_C_LANGUAGE_STANDARD = gnu99;
				GCC_DYNAMIC_NO_PIC = NO;
				GCC_NO_COMMON_BLOCKS = YES;
				GCC_OPTIMIZATION_LEVEL = 0;
				GCC_PREPROCESSOR_DEFINITIONS = (
					"DEBUG=1",
					"$(inherited)",
				);
				GCC_WARN_64_TO_32_BIT_CONVERSION = YES;
				GCC_WARN_ABOUT_RETURN_TYPE = YES_ERROR;
				GCC_WARN_UNDECLARED_SELECTOR = YES;
				GCC_WARN_UNINITIALIZED_AUTOS = YES_AGGRESSIVE;
				GCC_WARN_UNUSED_FUNCTION = YES;
				GCC_WARN_UNUSED_VARIABLE = YES;
				IPHONEOS_DEPLOYMENT_TARGET = 10.3;
				MTL_ENABLE_DEBUG_INFO = YES;
				ONLY_ACTIVE_ARCH = YES;
				SDKROOT = iphoneos;
			};
			name = Debug;
		};
		356E582D1F170EE400C80D24 /* Release */ = {
			isa = XCBuildConfiguration;
			buildSettings = {
				ALWAYS_SEARCH_USER_PATHS = NO;
				CLANG_ANALYZER_NONNULL = YES;
				CLANG_ANALYZER_NUMBER_OBJECT_CONVERSION = YES_AGGRESSIVE;
				CLANG_CXX_LANGUAGE_STANDARD = "gnu++0x";
				CLANG_CXX_LIBRARY = "libc++";
				CLANG_ENABLE_MODULES = YES;
				CLANG_ENABLE_OBJC_ARC = YES;
				CLANG_WARN_BOOL_CONVERSION = YES;
				CLANG_WARN_CONSTANT_CONVERSION = YES;
				CLANG_WARN_DIRECT_OBJC_ISA_USAGE = YES_ERROR;
				CLANG_WARN_DOCUMENTATION_COMMENTS = YES;
				CLANG_WARN_EMPTY_BODY = YES;
				CLANG_WARN_ENUM_CONVERSION = YES;
				CLANG_WARN_INFINITE_RECURSION = YES;
				CLANG_WARN_INT_CONVERSION = YES;
				CLANG_WARN_OBJC_ROOT_CLASS = YES_ERROR;
				CLANG_WARN_SUSPICIOUS_MOVE = YES;
				CLANG_WARN_UNREACHABLE_CODE = YES;
				CLANG_WARN__DUPLICATE_METHOD_MATCH = YES;
				"CODE_SIGN_IDENTITY[sdk=iphoneos*]" = "iPhone Developer";
				COPY_PHASE_STRIP = NO;
				DEBUG_INFORMATION_FORMAT = "dwarf-with-dsym";
				ENABLE_NS_ASSERTIONS = NO;
				ENABLE_STRICT_OBJC_MSGSEND = YES;
				GCC_C_LANGUAGE_STANDARD = gnu99;
				GCC_NO_COMMON_BLOCKS = YES;
				GCC_WARN_64_TO_32_BIT_CONVERSION = YES;
				GCC_WARN_ABOUT_RETURN_TYPE = YES_ERROR;
				GCC_WARN_UNDECLARED_SELECTOR = YES;
				GCC_WARN_UNINITIALIZED_AUTOS = YES_AGGRESSIVE;
				GCC_WARN_UNUSED_FUNCTION = YES;
				GCC_WARN_UNUSED_VARIABLE = YES;
				IPHONEOS_DEPLOYMENT_TARGET = 10.3;
				MTL_ENABLE_DEBUG_INFO = NO;
				SDKROOT = iphoneos;
				VALIDATE_PRODUCT = YES;
			};
			name = Release;
		};
		356E582F1F170EE400C80D24 /* Debug */ = {
			isa = XCBuildConfiguration;
			baseConfigurationReference = BE6AEEDF3544BA6180608890 /* Pods-BSDemo.debug.xcconfig */;
			buildSettings = {
				ASSETCATALOG_COMPILER_APPICON_NAME = AppIcon;
				DEVELOPMENT_TEAM = V36AU6RMWL;
				GCC_PREFIX_HEADER = "$(SRCROOT)/BSDemo/BSPrefixHeader.pch";
				INFOPLIST_FILE = BSDemo/Info.plist;
				IPHONEOS_DEPLOYMENT_TARGET = 8.0;
				LD_RUNPATH_SEARCH_PATHS = "$(inherited) @executable_path/Frameworks";
				PRODUCT_BUNDLE_IDENTIFIER = com.tiasn.BSDemo;
				PRODUCT_NAME = "$(TARGET_NAME)";
			};
			name = Debug;
		};
		356E58301F170EE400C80D24 /* Release */ = {
			isa = XCBuildConfiguration;
			baseConfigurationReference = 6CCF8C092D69597FC0AB0943 /* Pods-BSDemo.release.xcconfig */;
			buildSettings = {
				ASSETCATALOG_COMPILER_APPICON_NAME = AppIcon;
				DEVELOPMENT_TEAM = V36AU6RMWL;
				GCC_PREFIX_HEADER = "$(SRCROOT)/BSDemo/BSPrefixHeader.pch";
				INFOPLIST_FILE = BSDemo/Info.plist;
				IPHONEOS_DEPLOYMENT_TARGET = 8.0;
				LD_RUNPATH_SEARCH_PATHS = "$(inherited) @executable_path/Frameworks";
				PRODUCT_BUNDLE_IDENTIFIER = com.tiasn.BSDemo;
				PRODUCT_NAME = "$(TARGET_NAME)";
			};
			name = Release;
		};
/* End XCBuildConfiguration section */

/* Begin XCConfigurationList section */
		356E58121F170EE400C80D24 /* Build configuration list for PBXProject "BSDemo" */ = {
			isa = XCConfigurationList;
			buildConfigurations = (
				356E582C1F170EE400C80D24 /* Debug */,
				356E582D1F170EE400C80D24 /* Release */,
			);
			defaultConfigurationIsVisible = 0;
			defaultConfigurationName = Release;
		};
		356E582E1F170EE400C80D24 /* Build configuration list for PBXNativeTarget "BSDemo" */ = {
			isa = XCConfigurationList;
			buildConfigurations = (
				356E582F1F170EE400C80D24 /* Debug */,
				356E58301F170EE400C80D24 /* Release */,
			);
			defaultConfigurationIsVisible = 0;
			defaultConfigurationName = Release;
		};
/* End XCConfigurationList section */
	};
	rootObject = 356E580F1F170EE400C80D24 /* Project object */;
}
